Microsoft Visual Studio Solution File, Format Version 12.00
# Visual Studio Version 17
VisualStudioVersion = 17.5.2.0
MinimumVisualStudioVersion = 10.0.40219.1
Project("{FAE04EC0-301F-11D3-BF4B-00C04F79EFBC}") = "ReadySolution", "ReadySolution\ReadySolution.csproj", "{061A4FA5-754C-569C-BE5E-17E098242CF2}"
EndProject
Project("{2150E333-8FDC-42A3-9474-1A3956D46DE8}") = "Lesson1", "Lesson1", "{FA1D5956-0C26-B055-4475-331A4996DC40}"
EndProject
Project("{2150E333-8FDC-42A3-9474-1A3956D46DE8}") = "Lesson2", "Lesson2", "{784A0239-25E1-C5D2-DD56-B1AC34627499}"
EndProject
Project("{2150E333-8FDC-42A3-9474-1A3956D46DE8}") = "Lesson3", "Lesson3", "{6546A3BD-D731-A31E-D971-B1179B3C7558}"
EndProject
Project("{2150E333-8FDC-42A3-9474-1A3956D46DE8}") = "Lesson4", "Lesson4", "{4A2DE72E-2F15-4993-B6DC-C22805183877}"
EndProject
Project("{2150E333-8FDC-42A3-9474-1A3956D46DE8}") = "Lesson5", "Lesson5", "{731E5F63-576B-565D-9A3D-CA1DF0698567}"
EndProject
Project("{2150E333-8FDC-42A3-9474-1A3956D46DE8}") = "Lesson6", "Lesson6", "{ECF30C6F-C5EB-6C28-746B-F3E3563CE8A6}"
EndProject
Project("{2150E333-8FDC-42A3-9474-1A3956D46DE8}") = "Lesson7", "Lesson7", "{EB8C2F39-9E67-B381-B45C-A5CF63236A44}"
EndProject
Project("{2150E333-8FDC-42A3-9474-1A3956D46DE8}") = "Lesson8", "Lesson8", "{3CBEA2A1-8706-7321-7437-06B49299B30E}"
EndProject
Project("{2150E333-8FDC-42A3-9474-1A3956D46DE8}") = "Lesson9", "Lesson9", "{8939E472-EE58-F1CB-6685-A4290C72E407}"
EndProject
Project("{FAE04EC0-301F-11D3-BF4B-00C04F79EFBC}") = "ReadySolution", "Lesson1\ReadySolution\ReadySolution.csproj", "{2DB140E1-46D9-11BC-9A17-F7CBD6AB0A1F}"
EndProject
Project("{FAE04EC0-301F-11D3-BF4B-00C04F79EFBC}") = "CSProject", "Lesson2\CSProject\CSProject.csproj", "{8128AB38-CCAD-C09C-F9A7-6D76CED8F704}"
EndProject
Project("{FAE04EC0-301F-11D3-BF4B-00C04F79EFBC}") = "CSProject", "Lesson3\CSProject\CSProject.csproj", "{002CF250-A040-4AE7-A320-35643EF6788A}"
EndProject
Project("{FAE04EC0-301F-11D3-BF4B-00C04F79EFBC}") = "CSProject", "Lesson4\CSProject\CSProject.csproj", "{2121F50F-8DCF-B787-ED66-D7B869514B49}"
EndProject
Project("{FAE04EC0-301F-11D3-BF4B-00C04F79EFBC}") = "Practice", "Lesson4\Practice\Practice.csproj", "{5BBE8D4D-0D83-63C4-1509-8FAC8849FCBB}"
EndProject
Project("{FAE04EC0-301F-11D3-BF4B-00C04F79EFBC}") = "CSProject", "Lesson5\CSProject\CSProject.csproj", "{3EE9E00C-59AB-EC8B-5D44-39324F8F2F23}"
EndProject
Project("{FAE04EC0-301F-11D3-BF4B-00C04F79EFBC}") = "Practice", "Lesson5\Practice\Practice.csproj", "{64A1752B-6176-9257-7F6A-AA296F9FF882}"
EndProject
Project("{FAE04EC0-301F-11D3-BF4B-00C04F79EFBC}") = "CSProject", "Lesson6\CSProject\CSProject.csproj", "{75D37065-2EF7-B180-90BA-1EEFF02DA1BD}"
EndProject
Project("{FAE04EC0-301F-11D3-BF4B-00C04F79EFBC}") = "TestFile", "Lesson6\TestFile\TestFile.csproj", "{AB899CF3-BD2C-DAC2-0496-AC0F46BF0566}"
EndProject
Project("{FAE04EC0-301F-11D3-BF4B-00C04F79EFBC}") = "Collections", "Lesson7\Collections\Collections.csproj", "{27E0C898-6E55-7756-8EF8-FD90F97A1FD2}"
EndProject
Project("{FAE04EC0-301F-11D3-BF4B-00C04F79EFBC}") = "CSProject", "Lesson7\CSProject\CSProject.csproj", "{37D47863-772C-4069-6D8E-0E4942C4D41E}"
EndProject
Project("{FAE04EC0-301F-11D3-BF4B-00C04F79EFBC}") = "CSProject", "Lesson8\CSProject\CSProject.csproj", "{6267339D-DE65-B71A-BCF8-C14C9EB61885}"
EndProject
Project("{FAE04EC0-301F-11D3-BF4B-00C04F79EFBC}") = "Practice", "Lesson8\Practice\Practice.csproj", "{D28ED138-D29B-BF8C-C465-F662ADC30FC0}"
EndProject
Project("{FAE04EC0-301F-11D3-BF4B-00C04F79EFBC}") = "CSProject", "Lesson9\CSProject\CSProject.csproj", "{4F13418B-E629-C018-C8A1-A97C7B0F423B}"
EndProject
Project("{FAE04EC0-301F-11D3-BF4B-00C04F79EFBC}") = "Mail", "Lesson9\Mail\Mail.csproj", "{07AE1202-A588-64C7-2CC5-4DFC7429CC3A}"
EndProject
Global
	GlobalSection(SolutionConfigurationPlatforms) = preSolution
		Debug|Any CPU = Debug|Any CPU
		Release|Any CPU = Release|Any CPU
	EndGlobalSection
	GlobalSection(ProjectConfigurationPlatforms) = postSolution
		{061A4FA5-754C-569C-BE5E-17E098242CF2}.Debug|Any CPU.ActiveCfg = Debug|Any CPU
		{061A4FA5-754C-569C-BE5E-17E098242CF2}.Debug|Any CPU.Build.0 = Debug|Any CPU
		{061A4FA5-754C-569C-BE5E-17E098242CF2}.Release|Any CPU.ActiveCfg = Release|Any CPU
		{061A4FA5-754C-569C-BE5E-17E098242CF2}.Release|Any CPU.Build.0 = Release|Any CPU
		{2DB140E1-46D9-11BC-9A17-F7CBD6AB0A1F}.Debug|Any CPU.ActiveCfg = Debug|Any CPU
		{2DB140E1-46D9-11BC-9A17-F7CBD6AB0A1F}.Debug|Any CPU.Build.0 = Debug|Any CPU
		{2DB140E1-46D9-11BC-9A17-F7CBD6AB0A1F}.Release|Any CPU.ActiveCfg = Release|Any CPU
		{2DB140E1-46D9-11BC-9A17-F7CBD6AB0A1F}.Release|Any CPU.Build.0 = Release|Any CPU
		{8128AB38-CCAD-C09C-F9A7-6D76CED8F704}.Debug|Any CPU.ActiveCfg = Debug|Any CPU
		{8128AB38-CCAD-C09C-F9A7-6D76CED8F704}.Debug|Any CPU.Build.0 = Debug|Any CPU
		{8128AB38-CCAD-C09C-F9A7-6D76CED8F704}.Release|Any CPU.ActiveCfg = Release|Any CPU
		{8128AB38-CCAD-C09C-F9A7-6D76CED8F704}.Release|Any CPU.Build.0 = Release|Any CPU
		{002CF250-A040-4AE7-A320-35643EF6788A}.Debug|Any CPU.ActiveCfg = Debug|Any CPU
		{002CF250-A040-4AE7-A320-35643EF6788A}.Debug|Any CPU.Build.0 = Debug|Any CPU
		{002CF250-A040-4AE7-A320-35643EF6788A}.Release|Any CPU.ActiveCfg = Release|Any CPU
		{002CF250-A040-4AE7-A320-35643EF6788A}.Release|Any CPU.Build.0 = Release|Any CPU
		{2121F50F-8DCF-B787-ED66-D7B869514B49}.Debug|Any CPU.ActiveCfg = Debug|Any CPU
		{2121F50F-8DCF-B787-ED66-D7B869514B49}.Debug|Any CPU.Build.0 = Debug|Any CPU
		{2121F50F-8DCF-B787-ED66-D7B869514B49}.Release|Any CPU.ActiveCfg = Release|Any CPU
		{2121F50F-8DCF-B787-ED66-D7B869514B49}.Release|Any CPU.Build.0 = Release|Any CPU
		{5BBE8D4D-0D83-63C4-1509-8FAC8849FCBB}.Debug|Any CPU.ActiveCfg = Debug|Any CPU
		{5BBE8D4D-0D83-63C4-1509-8FAC8849FCBB}.Debug|Any CPU.Build.0 = Debug|Any CPU
		{5BBE8D4D-0D83-63C4-1509-8FAC8849FCBB}.Release|Any CPU.ActiveCfg = Release|Any CPU
		{5BBE8D4D-0D83-63C4-1509-8FAC8849FCBB}.Release|Any CPU.Build.0 = Release|Any CPU
		{3EE9E00C-59AB-EC8B-5D44-39324F8F2F23}.Debug|Any CPU.ActiveCfg = Debug|Any CPU
		{3EE9E00C-59AB-EC8B-5D44-39324F8F2F23}.Debug|Any CPU.Build.0 = Debug|Any CPU
		{3EE9E00C-59AB-EC8B-5D44-39324F8F2F23}.Release|Any CPU.ActiveCfg = Release|Any CPU
		{3EE9E00C-59AB-EC8B-5D44-39324F8F2F23}.Release|Any CPU.Build.0 = Release|Any CPU
		{64A1752B-6176-9257-7F6A-AA296F9FF882}.Debug|Any CPU.ActiveCfg = Debug|Any CPU
		{64A1752B-6176-9257-7F6A-AA296F9FF882}.Debug|Any CPU.Build.0 = Debug|Any CPU
		{64A1752B-6176-9257-7F6A-AA296F9FF882}.Release|Any CPU.ActiveCfg = Release|Any CPU
		{64A1752B-6176-9257-7F6A-AA296F9FF882}.Release|Any CPU.Build.0 = Release|Any CPU
		{75D37065-2EF7-B180-90BA-1EEFF02DA1BD}.Debug|Any CPU.ActiveCfg = Debug|Any CPU
		{75D37065-2EF7-B180-90BA-1EEFF02DA1BD}.Debug|Any CPU.Build.0 = Debug|Any CPU
		{75D37065-2EF7-B180-90BA-1EEFF02DA1BD}.Release|Any CPU.ActiveCfg = Release|Any CPU
		{75D37065-2EF7-B180-90BA-1EEFF02DA1BD}.Release|Any CPU.Build.0 = Release|Any CPU
		{AB899CF3-BD2C-DAC2-0496-AC0F46BF0566}.Debug|Any CPU.ActiveCfg = Debug|Any CPU
		{AB899CF3-BD2C-DAC2-0496-AC0F46BF0566}.Debug|Any CPU.Build.0 = Debug|Any CPU
		{AB899CF3-BD2C-DAC2-0496-AC0F46BF0566}.Release|Any CPU.ActiveCfg = Release|Any CPU
		{AB899CF3-BD2C-DAC2-0496-AC0F46BF0566}.Release|Any CPU.Build.0 = Release|Any CPU
		{27E0C898-6E55-7756-8EF8-FD90F97A1FD2}.Debug|Any CPU.ActiveCfg = Debug|Any CPU
		{27E0C898-6E55-7756-8EF8-FD90F97A1FD2}.Debug|Any CPU.Build.0 = Debug|Any CPU
		{27E0C898-6E55-7756-8EF8-FD90F97A1FD2}.Release|Any CPU.ActiveCfg = Release|Any CPU
		{27E0C898-6E55-7756-8EF8-FD90F97A1FD2}.Release|Any CPU.Build.0 = Release|Any CPU
		{37D47863-772C-4069-6D8E-0E4942C4D41E}.Debug|Any CPU.ActiveCfg = Debug|Any CPU
		{37D47863-772C-4069-6D8E-0E4942C4D41E}.Debug|Any CPU.Build.0 = Debug|Any CPU
		{37D47863-772C-4069-6D8E-0E4942C4D41E}.Release|Any CPU.ActiveCfg = Release|Any CPU
		{37D47863-772C-4069-6D8E-0E4942C4D41E}.Release|Any CPU.Build.0 = Release|Any CPU
		{6267339D-DE65-B71A-BCF8-C14C9EB61885}.Debug|Any CPU.ActiveCfg = Debug|Any CPU
		{6267339D-DE65-B71A-BCF8-C14C9EB61885}.Debug|Any CPU.Build.0 = Debug|Any CPU
		{6267339D-DE65-B71A-BCF8-C14C9EB61885}.Release|Any CPU.ActiveCfg = Release|Any CPU
		{6267339D-DE65-B71A-BCF8-C14C9EB61885}.Release|Any CPU.Build.0 = Release|Any CPU
		{D28ED138-D29B-BF8C-C465-F662ADC30FC0}.Debug|Any CPU.ActiveCfg = Debug|Any CPU
		{D28ED138-D29B-BF8C-C465-F662ADC30FC0}.Debug|Any CPU.Build.0 = Debug|Any CPU
		{D28ED138-D29B-BF8C-C465-F662ADC30FC0}.Release|Any CPU.ActiveCfg = Release|Any CPU
		{D28ED138-D29B-BF8C-C465-F662ADC30FC0}.Release|Any CPU.Build.0 = Release|Any CPU
		{4F13418B-E629-C018-C8A1-A97C7B0F423B}.Debug|Any CPU.ActiveCfg = Debug|Any CPU
		{4F13418B-E629-C018-C8A1-A97C7B0F423B}.Debug|Any CPU.Build.0 = Debug|Any CPU
		{4F13418B-E629-C018-C8A1-A97C7B0F423B}.Release|Any CPU.ActiveCfg = Release|Any CPU
		{4F13418B-E629-C018-C8A1-A97C7B0F423B}.Release|Any CPU.Build.0 = Release|Any CPU
		{07AE1202-A588-64C7-2CC5-4DFC7429CC3A}.Debug|Any CPU.ActiveCfg = Debug|Any CPU
		{07AE1202-A588-64C7-2CC5-4DFC7429CC3A}.Debug|Any CPU.Build.0 = Debug|Any CPU
		{07AE1202-A588-64C7-2CC5-4DFC7429CC3A}.Release|Any CPU.ActiveCfg = Release|Any CPU
		{07AE1202-A588-64C7-2CC5-4DFC7429CC3A}.Release|Any CPU.Build.0 = Release|Any CPU
	EndGlobalSection
	GlobalSection(SolutionProperties) = preSolution
		HideSolutionNode = FALSE
	EndGlobalSection
	GlobalSection(NestedProjects) = preSolution
		{2DB140E1-46D9-11BC-9A17-F7CBD6AB0A1F} = {FA1D5956-0C26-B055-4475-331A4996DC40}
		{8128AB38-CCAD-C09C-F9A7-6D76CED8F704} = {784A0239-25E1-C5D2-DD56-B1AC34627499}
		{002CF250-A040-4AE7-A320-35643EF6788A} = {6546A3BD-D731-A31E-D971-B1179B3C7558}
		{2121F50F-8DCF-B787-ED66-D7B869514B49} = {4A2DE72E-2F15-4993-B6DC-C22805183877}
		{5BBE8D4D-0D83-63C4-1509-8FAC8849FCBB} = {4A2DE72E-2F15-4993-B6DC-C22805183877}
		{3EE9E00C-59AB-EC8B-5D44-39324F8F2F23} = {731E5F63-576B-565D-9A3D-CA1DF0698567}
		{64A1752B-6176-9257-7F6A-AA296F9FF882} = {731E5F63-576B-565D-9A3D-CA1DF0698567}
		{75D37065-2EF7-B180-90BA-1EEFF02DA1BD} = {ECF30C6F-C5EB-6C28-746B-F3E3563CE8A6}
		{AB899CF3-BD2C-DAC2-0496-AC0F46BF0566} = {ECF30C6F-C5EB-6C28-746B-F3E3563CE8A6}
		{27E0C898-6E55-7756-8EF8-FD90F97A1FD2} = {EB8C2F39-9E67-B381-B45C-A5CF63236A44}
		{37D47863-772C-4069-6D8E-0E4942C4D41E} = {EB8C2F39-9E67-B381-B45C-A5CF63236A44}
		{6267339D-DE65-B71A-BCF8-C14C9EB61885} = {3CBEA2A1-8706-7321-7437-06B49299B30E}
		{D28ED138-D29B-BF8C-C465-F662ADC30FC0} = {3CBEA2A1-8706-7321-7437-06B49299B30E}
		{4F13418B-E629-C018-C8A1-A97C7B0F423B} = {8939E472-EE58-F1CB-6685-A4290C72E407}
		{07AE1202-A588-64C7-2CC5-4DFC7429CC3A} = {8939E472-EE58-F1CB-6685-A4290C72E407}
	EndGlobalSection
	GlobalSection(ExtensibilityGlobals) = postSolution
		SolutionGuid = {777DF955-DE68-489F-9053-156379517845}
	EndGlobalSection
EndGlobal
